// !$*UTF8*$!
{
	archiveVersion = 1;
	classes = {
	};
	objectVersion = 50;
	objects = {

/* Begin PBXBuildFile section */
		2BF941982096877B00300664 /* AppDelegate.swift in Sources */ = {isa = PBXBuildFile; fileRef = 2BF941972096877B00300664 /* AppDelegate.swift */; };
		2BF9419A2096877B00300664 /* ViewController.swift in Sources */ = {isa = PBXBuildFile; fileRef = 2BF941992096877B00300664 /* ViewController.swift */; };
		2BF9419D2096877B00300664 /* Main.storyboard in Resources */ = {isa = PBXBuildFile; fileRef = 2BF9419B2096877B00300664 /* Main.storyboard */; };
		2BF9419F2096877B00300664 /* Assets.xcassets in Resources */ = {isa = PBXBuildFile; fileRef = 2BF9419E2096877B00300664 /* Assets.xcassets */; };
		2BF941A22096877B00300664 /* LaunchScreen.storyboard in Resources */ = {isa = PBXBuildFile; fileRef = 2BF941A02096877B00300664 /* LaunchScreen.storyboard */; };
		2BF941B12096888100300664 /* SafariServices.framework in Frameworks */ = {isa = PBXBuildFile; fileRef = 2BF941B02096888100300664 /* SafariServices.framework */; };
		F88B8B253EB87ABD6DCA946A /* Pods_TwitterKitLoginExample.framework in Frameworks */ = {isa = PBXBuildFile; fileRef = 30604D998508684FE51124BB /* Pods_TwitterKitLoginExample.framework */; };
/* End PBXBuildFile section */

/* Begin PBXFileReference section */
		0F09755202E152E5299D1A3E /* Pods-TwitterKitLoginExample.debug.xcconfig */ = {isa = PBXFileReference; includeInIndex = 1; lastKnownFileType = text.xcconfig; name = "Pods-TwitterKitLoginExample.debug.xcconfig"; path = "Pods/Target Support Files/Pods-TwitterKitLoginExample/Pods-TwitterKitLoginExample.debug.xcconfig"; sourceTree = "<group>"; };
		2BF941942096877B00300664 /* TwitterKitLoginExample.app */ = {isa = PBXFileReference; explicitFileType = wrapper.application; includeInIndex = 0; path = TwitterKitLoginExample.app; sourceTree = BUILT_PRODUCTS_DIR; };
		2BF941972096877B00300664 /* AppDelegate.swift */ = {isa = PBXFileReference; lastKnownFileType = sourcecode.swift; path = AppDelegate.swift; sourceTree = "<group>"; };
		2BF941992096877B00300664 /* ViewController.swift */ = {isa = PBXFileReference; lastKnownFileType = sourcecode.swift; path = ViewController.swift; sourceTree = "<group>"; };
		2BF9419C2096877B00300664 /* Base */ = {isa = PBXFileReference; lastKnownFileType = file.storyboard; name = Base; path = Base.lproj/Main.storyboard; sourceTree = "<group>"; };
		2BF9419E2096877B00300664 /* Assets.xcassets */ = {isa = PBXFileReference; lastKnownFileType = folder.assetcatalog; path = Assets.xcassets; sourceTree = "<group>"; };
		2BF941A12096877B00300664 /* Base */ = {isa = PBXFileReference; lastKnownFileType = file.storyboard; name = Base; path = Base.lproj/LaunchScreen.storyboard; sourceTree = "<group>"; };
		2BF941A32096877B00300664 /* Info.plist */ = {isa = PBXFileReference; lastKnownFileType = text.plist.xml; path = Info.plist; sourceTree = "<group>"; };
		2BF941AA2096886700300664 /* TwitterCore.framework */ = {isa = PBXFileReference; lastKnownFileType = wrapper.framework; name = TwitterCore.framework; path = Carthage/Build/iOS/TwitterCore.framework; sourceTree = "<group>"; };
		2BF941AC2096887000300664 /* TwitterKit.framework */ = {isa = PBXFileReference; lastKnownFileType = wrapper.framework; name = TwitterKit.framework; path = Carthage/Build/iOS/TwitterKit.framework; sourceTree = "<group>"; };
		2BF941AE2096887B00300664 /* TwitterShareExtensionUI.framework */ = {isa = PBXFileReference; lastKnownFileType = wrapper.framework; name = TwitterShareExtensionUI.framework; path = Carthage/Build/iOS/TwitterShareExtensionUI.framework; sourceTree = "<group>"; };
		2BF941B02096888100300664 /* SafariServices.framework */ = {isa = PBXFileReference; lastKnownFileType = wrapper.framework; name = SafariServices.framework; path = System/Library/Frameworks/SafariServices.framework; sourceTree = SDKROOT; };
		30604D998508684FE51124BB /* Pods_TwitterKitLoginExample.framework */ = {isa = PBXFileReference; explicitFileType = wrapper.framework; includeInIndex = 0; path = Pods_TwitterKitLoginExample.framework; sourceTree = BUILT_PRODUCTS_DIR; };
		31F560E0EC3CD3A4966C96A0 /* Pods-TwitterKitLoginExample.release.xcconfig */ = {isa = PBXFileReference; includeInIndex = 1; lastKnownFileType = text.xcconfig; name = "Pods-TwitterKitLoginExample.release.xcconfig"; path = "Pods/Target Support Files/Pods-TwitterKitLoginExample/Pods-TwitterKitLoginExample.release.xcconfig"; sourceTree = "<group>"; };
/* End PBXFileReference section */

/* Begin PBXFrameworksBuildPhase section */
		2BF941912096877B00300664 /* Frameworks */ = {
			isa = PBXFrameworksBuildPhase;
			buildActionMask = 2147483647;
			files = (
				2BF941B12096888100300664 /* SafariServices.framework in Frameworks */,
				F88B8B253EB87ABD6DCA946A /* Pods_TwitterKitLoginExample.framework in Frameworks */,
			);
			runOnlyForDeploymentPostprocessing = 0;
		};
/* End PBXFrameworksBuildPhase section */

/* Begin PBXGroup section */
		0DF75A7B1CD7F8637BE3FC3B /* Pods */ = {
			isa = PBXGroup;
			children = (
				0F09755202E152E5299D1A3E /* Pods-TwitterKitLoginExample.debug.xcconfig */,
				31F560E0EC3CD3A4966C96A0 /* Pods-TwitterKitLoginExample.release.xcconfig */,
			);
			name = Pods;
			sourceTree = "<group>";
		};
		2BF9418B2096877B00300664 = {
			isa = PBXGroup;
			children = (
				2BF941962096877B00300664 /* TwitterKitLoginExample */,
				2BF941952096877B00300664 /* Products */,
				2BF941A92096886700300664 /* Frameworks */,
				0DF75A7B1CD7F8637BE3FC3B /* Pods */,
			);
			sourceTree = "<group>";
		};
		2BF941952096877B00300664 /* Products */ = {
			isa = PBXGroup;
			children = (
				2BF941942096877B00300664 /* TwitterKitLoginExample.app */,
			);
			name = Products;
			sourceTree = "<group>";
		};
		2BF941962096877B00300664 /* TwitterKitLoginExample */ = {
			isa = PBXGroup;
			children = (
				2BF941972096877B00300664 /* AppDelegate.swift */,
				2BF941992096877B00300664 /* ViewController.swift */,
				2BF9419B2096877B00300664 /* Main.storyboard */,
				2BF9419E2096877B00300664 /* Assets.xcassets */,
				2BF941A02096877B00300664 /* LaunchScreen.storyboard */,
				2BF941A32096877B00300664 /* Info.plist */,
			);
			path = TwitterKitLoginExample;
			sourceTree = "<group>";
		};
		2BF941A92096886700300664 /* Frameworks */ = {
			isa = PBXGroup;
			children = (
				2BF941B02096888100300664 /* SafariServices.framework */,
				2BF941AE2096887B00300664 /* TwitterShareExtensionUI.framework */,
				2BF941AC2096887000300664 /* TwitterKit.framework */,
				2BF941AA2096886700300664 /* TwitterCore.framework */,
				30604D998508684FE51124BB /* Pods_TwitterKitLoginExample.framework */,
			);
			name = Frameworks;
			sourceTree = "<group>";
		};
/* End PBXGroup section */

/* Begin PBXNativeTarget section */
		2BF941932096877B00300664 /* TwitterKitLoginExample */ = {
			isa = PBXNativeTarget;
			buildConfigurationList = 2BF941A62096877B00300664 /* Build configuration list for PBXNativeTarget "TwitterKitLoginExample" */;
			buildPhases = (
				A9D6AE29A08B178ADFF9FE71 /* [CP] Check Pods Manifest.lock */,
				2BF941902096877B00300664 /* Sources */,
				2BF941912096877B00300664 /* Frameworks */,
				2BF941922096877B00300664 /* Resources */,
				2BF941B22096888500300664 /* ShellScript */,
				7B99BD9925ED454ECE7870D8 /* [CP] Embed Pods Frameworks */,
				4E6C0342EE77FA9DB0E6BE5B /* [CP] Copy Pods Resources */,
			);
			buildRules = (
			);
			dependencies = (
			);
			name = TwitterKitLoginExample;
			productName = TwitterKitLoginExample;
			productReference = 2BF941942096877B00300664 /* TwitterKitLoginExample.app */;
			productType = "com.apple.product-type.application";
		};
/* End PBXNativeTarget section */

/* Begin PBXProject section */
		2BF9418C2096877B00300664 /* Project object */ = {
			isa = PBXProject;
			attributes = {
				LastSwiftUpdateCheck = 0930;
				LastUpgradeCheck = 0930;
				ORGANIZATIONNAME = anz;
				TargetAttributes = {
					2BF941932096877B00300664 = {
						CreatedOnToolsVersion = 9.3;
					};
				};
			};
			buildConfigurationList = 2BF9418F2096877B00300664 /* Build configuration list for PBXProject "TwitterKitLoginExample" */;
			compatibilityVersion = "Xcode 9.3";
			developmentRegion = en;
			hasScannedForEncodings = 0;
			knownRegions = (
				en,
				Base,
			);
			mainGroup = 2BF9418B2096877B00300664;
			productRefGroup = 2BF941952096877B00300664 /* Products */;
			projectDirPath = "";
			projectRoot = "";
			targets = (
				2BF941932096877B00300664 /* TwitterKitLoginExample */,
			);
		};
/* End PBXProject section */

/* Begin PBXResourcesBuildPhase section */
		2BF941922096877B00300664 /* Resources */ = {
			isa = PBXResourcesBuildPhase;
			buildActionMask = 2147483647;
			files = (
				2BF941A22096877B00300664 /* LaunchScreen.storyboard in Resources */,
				2BF9419F2096877B00300664 /* Assets.xcassets in Resources */,
				2BF9419D2096877B00300664 /* Main.storyboard in Resources */,
			);
			runOnlyForDeploymentPostprocessing = 0;
		};
/* End PBXResourcesBuildPhase section */

/* Begin PBXShellScriptBuildPhase section */
		2BF941B22096888500300664 /* ShellScript */ = {
			isa = PBXShellScriptBuildPhase;
			buildActionMask = 2147483647;
			files = (
			);
			inputPaths = (
			);
			outputPaths = (
			);
			runOnlyForDeploymentPostprocessing = 0;
			shellPath = /bin/sh;
			shellScript = "/usr/local/bin/carthage copy-frameworks";
		};
		4E6C0342EE77FA9DB0E6BE5B /* [CP] Copy Pods Resources */ = {
			isa = PBXShellScriptBuildPhase;
			buildActionMask = 2147483647;
			files = (
			);
			inputPaths = (
				"${SRCROOT}/Pods/Target Support Files/Pods-TwitterKitLoginExample/Pods-TwitterKitLoginExample-resources.sh",
				"${PODS_ROOT}/TwitterKit/iOS/TwitterKit.framework/TwitterKitResources.bundle",
			);
			name = "[CP] Copy Pods Resources";
			outputPaths = (
				"${TARGET_BUILD_DIR}/${UNLOCALIZED_RESOURCES_FOLDER_PATH}/TwitterKitResources.bundle",
			);
			runOnlyForDeploymentPostprocessing = 0;
			shellPath = /bin/sh;
			shellScript = "\"${SRCROOT}/Pods/Target Support Files/Pods-TwitterKitLoginExample/Pods-TwitterKitLoginExample-resources.sh\"\n";
			showEnvVarsInLog = 0;
		};
		7B99BD9925ED454ECE7870D8 /* [CP] Embed Pods Frameworks */ = {
			isa = PBXShellScriptBuildPhase;
			buildActionMask = 2147483647;
			files = (
			);
			inputPaths = (
				"${SRCROOT}/Pods/Target Support Files/Pods-TwitterKitLoginExample/Pods-TwitterKitLoginExample-frameworks.sh",
				"${PODS_ROOT}/TwitterCore/iOS/TwitterCore.framework",
				"${PODS_ROOT}/TwitterKit/iOS/TwitterKit.framework",
			);
			name = "[CP] Embed Pods Frameworks";
			outputPaths = (
				"${TARGET_BUILD_DIR}/${FRAMEWORKS_FOLDER_PATH}/TwitterCore.framework",
				"${TARGET_BUILD_DIR}/${FRAMEWORKS_FOLDER_PATH}/TwitterKit.framework",
			);
			runOnlyForDeploymentPostprocessing = 0;
			shellPath = /bin/sh;
			shellScript = "\"${SRCROOT}/Pods/Target Support Files/Pods-TwitterKitLoginExample/Pods-TwitterKitLoginExample-frameworks.sh\"\n";
			showEnvVarsInLog = 0;
		};
		A9D6AE29A08B178ADFF9FE71 /* [CP] Check Pods Manifest.lock */ = {
			isa = PBXShellScriptBuildPhase;
			buildActionMask = 2147483647;
			files = (
			);
			inputPaths = (
				"${PODS_PODFILE_DIR_PATH}/Podfile.lock",
				"${PODS_ROOT}/Manifest.lock",
			);
			name = "[CP] Check Pods Manifest.lock";
			outputPaths = (
				"$(DERIVED_FILE_DIR)/Pods-TwitterKitLoginExample-checkManifestLockResult.txt",
			);
			runOnlyForDeploymentPostprocessing = 0;
			shellPath = /bin/sh;
			shellScript = "diff \"${PODS_PODFILE_DIR_PATH}/Podfile.lock\" \"${PODS_ROOT}/Manifest.lock\" > /dev/null\nif [ $? != 0 ] ; then\n    # print error to STDERR\n    echo \"error: The sandbox is not in sync with the Podfile.lock. Run 'pod install' or update your CocoaPods installation.\" >&2\n    exit 1\nfi\n# This output is used by Xcode 'outputs' to avoid re-running this script phase.\necho \"SUCCESS\" > \"${SCRIPT_OUTPUT_FILE_0}\"\n";
			showEnvVarsInLog = 0;
		};
/* End PBXShellScriptBuildPhase section */

/* Begin PBXSourcesBuildPhase section */
		2BF941902096877B00300664 /* Sources */ = {
			isa = PBXSourcesBuildPhase;
			buildActionMask = 2147483647;
			files = (
				2BF9419A2096877B00300664 /* ViewController.swift in Sources */,
				2BF941982096877B00300664 /* AppDelegate.swift in Sources */,
			);
			runOnlyForDeploymentPostprocessing = 0;
		};
/* End PBXSourcesBuildPhase section */

/* Begin PBXVariantGroup section */
		2BF9419B2096877B00300664 /* Main.storyboard */ = {
			isa = PBXVariantGroup;
			children = (
				2BF9419C2096877B00300664 /* Base */,
			);
			name = Main.storyboard;
			sourceTree = "<group>";
		};
		2BF941A02096877B00300664 /* LaunchScreen.storyboard */ = {
			isa = PBXVariantGroup;
			children = (
				2BF941A12096877B00300664 /* Base */,
			);
			name = LaunchScreen.storyboard;
			sourceTree = "<group>";
		};
/* End PBXVariantGroup section */

/* Begin XCBuildConfiguration section */
		2BF941A42096877B00300664 /* Debug */ = {
			isa = XCBuildConfiguration;
			buildSettings = {
				ALWAYS_SEARCH_USER_PATHS = NO;
				CLANG_ANALYZER_NONNULL = YES;
				CLANG_ANALYZER_NUMBER_OBJECT_CONVERSION = YES_AGGRESSIVE;
				CLANG_CXX_LANGUAGE_STANDARD = "gnu++14";
				CLANG_CXX_LIBRARY = "libc++";
				CLANG_ENABLE_MODULES = YES;
				CLANG_ENABLE_OBJC_ARC = YES;
				CLANG_ENABLE_OBJC_WEAK = YES;
				CLANG_WARN_BLOCK_CAPTURE_AUTORELEASING = YES;
				CLANG_WARN_BOOL_CONVERSION = YES;
				CLANG_WARN_COMMA = YES;
				CLANG_WARN_CONSTANT_CONVERSION = YES;
				CLANG_WARN_DEPRECATED_OBJC_IMPLEMENTATIONS = YES;
				CLANG_WARN_DIRECT_OBJC_ISA_USAGE = YES_ERROR;
				CLANG_WARN_DOCUMENTATION_COMMENTS = YES;
				CLANG_WARN_EMPTY_BODY = YES;
				CLANG_WARN_ENUM_CONVERSION = YES;
				CLANG_WARN_INFINITE_RECURSION = YES;
				CLANG_WARN_INT_CONVERSION = YES;
				CLANG_WARN_NON_LITERAL_NULL_CONVERSION = YES;
				CLANG_WARN_OBJC_IMPLICIT_RETAIN_SELF = YES;
				CLANG_WARN_OBJC_LITERAL_CONVERSION = YES;
				CLANG_WARN_OBJC_ROOT_CLASS = YES_ERROR;
				CLANG_WARN_RANGE_LOOP_ANALYSIS = YES;
				CLANG_WARN_STRICT_PROTOTYPES = YES;
				CLANG_WARN_SUSPICIOUS_MOVE = YES;
				CLANG_WARN_UNGUARDED_AVAILABILITY = YES_AGGRESSIVE;
				CLANG_WARN_UNREACHABLE_CODE = YES;
				CLANG_WARN__DUPLICATE_METHOD_MATCH = YES;
				CODE_SIGN_IDENTITY = "iPhone Developer";
				COPY_PHASE_STRIP = NO;
				DEBUG_INFORMATION_FORMAT = dwarf;
				ENABLE_STRICT_OBJC_MSGSEND = YES;
				ENABLE_TESTABILITY = YES;
				GCC_C_LANGUAGE_STANDARD = gnu11;
				GCC_DYNAMIC_NO_PIC = NO;
				GCC_NO_COMMON_BLOCKS = YES;
				GCC_OPTIMIZATION_LEVEL = 0;
				GCC_PREPROCESSOR_DEFINITIONS = (
					"DEBUG=1",
					"$(inherited)",
				);
				GCC_WARN_64_TO_32_BIT_CONVERSION = YES;
				GCC_WARN_ABOUT_RETURN_TYPE = YES_ERROR;
				GCC_WARN_UNDECLARED_SELECTOR = YES;
				GCC_WARN_UNINITIALIZED_AUTOS = YES_AGGRESSIVE;
				GCC_WARN_UNUSED_FUNCTION = YES;
				GCC_WARN_UNUSED_VARIABLE = YES;
				IPHONEOS_DEPLOYMENT_TARGET = 11.3;
				MTL_ENABLE_DEBUG_INFO = YES;
				ONLY_ACTIVE_ARCH = YES;
				SDKROOT = iphoneos;
				SWIFT_ACTIVE_COMPILATION_CONDITIONS = DEBUG;
				SWIFT_OPTIMIZATION_LEVEL = "-Onone";
			};
			name = Debug;
		};
		2BF941A52096877B00300664 /* Release */ = {
			isa = XCBuildConfiguration;
			buildSettings = {
				ALWAYS_SEARCH_USER_PATHS = NO;
				CLANG_ANALYZER_NONNULL = YES;
				CLANG_ANALYZER_NUMBER_OBJECT_CONVERSION = YES_AGGRESSIVE;
				CLANG_CXX_LANGUAGE_STANDARD = "gnu++14";
				CLANG_CXX_LIBRARY = "libc++";
				CLANG_ENABLE_MODULES = YES;
				CLANG_ENABLE_OBJC_ARC = YES;
				CLANG_ENABLE_OBJC_WEAK = YES;
				CLANG_WARN_BLOCK_CAPTURE_AUTORELEASING = YES;
				CLANG_WARN_BOOL_CONVERSION = YES;
				CLANG_WARN_COMMA = YES;
				CLANG_WARN_CONSTANT_CONVERSION = YES;
				CLANG_WARN_DEPRECATED_OBJC_IMPLEMENTATIONS = YES;
				CLANG_WARN_DIRECT_OBJC_ISA_USAGE = YES_ERROR;
				CLANG_WARN_DOCUMENTATION_COMMENTS = YES;
				CLANG_WARN_EMPTY_BODY = YES;
				CLANG_WARN_ENUM_CONVERSION = YES;
				CLANG_WARN_INFINITE_RECURSION = YES;
				CLANG_WARN_INT_CONVERSION = YES;
				CLANG_WARN_NON_LITERAL_NULL_CONVERSION = YES;
				CLANG_WARN_OBJC_IMPLICIT_RETAIN_SELF = YES;
				CLANG_WARN_OBJC_LITERAL_CONVERSION = YES;
				CLANG_WARN_OBJC_ROOT_CLASS = YES_ERROR;
				CLANG_WARN_RANGE_LOOP_ANALYSIS = YES;
				CLANG_WARN_STRICT_PROTOTYPES = YES;
				CLANG_WARN_SUSPICIOUS_MOVE = YES;
				CLANG_WARN_UNGUARDED_AVAILABILITY = YES_AGGRESSIVE;
				CLANG_WARN_UNREACHABLE_CODE = YES;
				CLANG_WARN__DUPLICATE_METHOD_MATCH = YES;
				CODE_SIGN_IDENTITY = "iPhone Developer";
				COPY_PHASE_STRIP = NO;
				DEBUG_INFORMATION_FORMAT = "dwarf-with-dsym";
				ENABLE_NS_ASSERTIONS = NO;
				ENABLE_STRICT_OBJC_MSGSEND = YES;
				GCC_C_LANGUAGE_STANDARD = gnu11;
				GCC_NO_COMMON_BLOCKS = YES;
				GCC_WARN_64_TO_32_BIT_CONVERSION = YES;
				GCC_WARN_ABOUT_RETURN_TYPE = YES_ERROR;
				GCC_WARN_UNDECLARED_SELECTOR = YES;
				GCC_WARN_UNINITIALIZED_AUTOS = YES_AGGRESSIVE;
				GCC_WARN_UNUSED_FUNCTION = YES;
				GCC_WARN_UNUSED_VARIABLE = YES;
				IPHONEOS_DEPLOYMENT_TARGET = 11.3;
				MTL_ENABLE_DEBUG_INFO = NO;
				SDKROOT = iphoneos;
				SWIFT_COMPILATION_MODE = wholemodule;
				SWIFT_OPTIMIZATION_LEVEL = "-O";
				VALIDATE_PRODUCT = YES;
			};
			name = Release;
		};
		2BF941A72096877B00300664 /* Debug */ = {
			isa = XCBuildConfiguration;
			baseConfigurationReference = 0F09755202E152E5299D1A3E /* Pods-TwitterKitLoginExample.debug.xcconfig */;
			buildSettings = {
				ASSETCATALOG_COMPILER_APPICON_NAME = AppIcon;
				CODE_SIGN_STYLE = Automatic;
				DEVELOPMENT_TEAM = "";
				FRAMEWORK_SEARCH_PATHS = (
					"$(inherited)",
					"$(PROJECT_DIR)/Carthage/Build/iOS",
				);
				INFOPLIST_FILE = TwitterKitLoginExample/Info.plist;
				LD_RUNPATH_SEARCH_PATHS = "$(inherited) @executable_path/Frameworks";
				PRODUCT_BUNDLE_IDENTIFIER = xyz.anzfactory.TwitterKitLoginExample;
				PRODUCT_NAME = "$(TARGET_NAME)";
				SWIFT_VERSION = 4.0;
				TARGETED_DEVICE_FAMILY = "1,2";
				TWITTER_CONSUMER_KEY = "";
				TWITTER_CONSUMER_SECRET = "";
			};
			name = Debug;
		};
		2BF941A82096877B00300664 /* Release */ = {
			isa = XCBuildConfiguration;
			baseConfigurationReference = 31F560E0EC3CD3A4966C96A0 /* Pods-TwitterKitLoginExample.release.xcconfig */;
			buildSettings = {
				ASSETCATALOG_COMPILER_APPICON_NAME = AppIcon;
				CODE_SIGN_STYLE = Automatic;
				DEVELOPMENT_TEAM = "";
				FRAMEWORK_SEARCH_PATHS = (
					"$(inherited)",
					"$(PROJECT_DIR)/Carthage/Build/iOS",
				);
				INFOPLIST_FILE = TwitterKitLoginExample/Info.plist;
				LD_RUNPATH_SEARCH_PATHS = "$(inherited) @executable_path/Frameworks";
				PRODUCT_BUNDLE_IDENTIFIER = xyz.anzfactory.TwitterKitLoginExample;
				PRODUCT_NAME = "$(TARGET_NAME)";
				SWIFT_VERSION = 4.0;
				TARGETED_DEVICE_FAMILY = "1,2";
				TWITTER_CONSUMER_KEY = "";
				TWITTER_CONSUMER_SECRET = "";
			};
			name = Release;
		};
/* End XCBuildConfiguration section */

/* Begin XCConfigurationList section */
		2BF9418F2096877B00300664 /* Build configuration list for PBXProject "TwitterKitLoginExample" */ = {
			isa = XCConfigurationList;
			buildConfigurations = (
				2BF941A42096877B00300664 /* Debug */,
				2BF941A52096877B00300664 /* Release */,
			);
			defaultConfigurationIsVisible = 0;
			defaultConfigurationName = Release;
		};
		2BF941A62096877B00300664 /* Build configuration list for PBXNativeTarget "TwitterKitLoginExample" */ = {
			isa = XCConfigurationList;
			buildConfigurations = (
				2BF941A72096877B00300664 /* Debug */,
				2BF941A82096877B00300664 /* Release */,
			);
			defaultConfigurationIsVisible = 0;
			defaultConfigurationName = Release;
		};
/* End XCConfigurationList section */
	};
	rootObject = 2BF9418C2096877B00300664 /* Project object */;
}
